{
  "version": "5",
  "specifiers": {
    "npm:@swc/core@^1.15.33": "1.15.33"
  },
  "npm": {
    "@swc/core-darwin-arm64@1.15.33": {
      "integrity": "sha512-N+L0uXhuO7FIfzqwgxmzv0zIpV0qEp8wPX3QQs2p4atjMoywup2JTeDlXPw+z9pWJGCae3JjM+tZ6myclI+2gA==",
      "os": ["darwin"],
      "cpu": ["arm64"]
    },
    "@swc/core-darwin-x64@1.15.33": {
      "integrity": "sha512-/Il4QHSOhV4FekbsDtkrNmKbsX26oSysvgrRswa/RYOHXAkwXDbB4jaeKq6PsJLSPkzJ2KzQ061gtBnk0vNHfA==",
      "os": ["darwin"],
      "cpu": ["x64"]
    },
    "@swc/core-linux-arm-gnueabihf@1.15.33": {
      "integrity": "sha512-C64hBnBxq4viOPQ8hlx+2lJ23bzZBGnjw7ryALmS+0Q3zHmwO8lw1/DArLENw4Q18/0w5wdEO1k3m1wWNtKGqQ==",
      "os": ["linux"],
      "cpu": ["arm"]
    },
    "@swc/core-linux-arm64-gnu@1.15.33": {
      "integrity": "sha512-TRJfnJbX3jqpxRDRoieMzRiCBS5jOmXNb3iQXmcgjFEHKLnAgK1RZRU8Cq1MsPqO4jAJp/ld1G4O3fXuxv85uw==",
      "os": ["linux"],
      "cpu": ["arm64"]
    },
    "@swc/core-linux-arm64-musl@1.15.33": {
      "integrity": "sha512-il7tYM+CpUNzieQbwAjFT1P8zqAhmGWNAGhQZBnxurXZ0aNn+5nqYFTEUKNZl7QibtT0uQXzTZrNGHCIj6Y1Og==",
      "os": ["linux"],
      "cpu": ["arm64"]
    },
    "@swc/core-linux-ppc64-gnu@1.15.33": {
      "integrity": "sha512-ZtNBwN0Z7CFj9Il0FcPaKdjgP7URyKu/3RfH46vq+0paOBqLj4NYldD6Qo//Duif/7IOtAraUfDOmp0PLAufog==",
      "os": ["linux"],
      "cpu": ["ppc64"]
    },
    "@swc/core-linux-s390x-gnu@1.15.33": {
      "integrity": "sha512-De1IyajoOmhOYYjw/lx66bKlyDpHZTueqwpDrWgf5O7T6d1ODeJJO9/OqMBmrBQc5C+dNnlmIufHsp4QVCWufA==",
      "os": ["linux"],
      "cpu": ["s390x"]
    },
    "@swc/core-linux-x64-gnu@1.15.33": {
      "integrity": "sha512-mGTH0YxmUN+x6vRN/I6NOk5X0ogNktkwPnJ94IMvR7QjhRDwL0O8RXEDhyUM0YtwWrryBOqaJQBX4zruxEPRGw==",
      "os": ["linux"],
      "cpu": ["x64"]
    },
    "@swc/core-linux-x64-musl@1.15.33": {
      "integrity": "sha512-hj628ZkSEJf6zMf5VMbYrG2O6QqyTIp2qwY6VlCjvIa9lAEZ5c2lfPblCLVGYubTeLJDxadLB/CxqQYOQABeEQ==",
      "os": ["linux"],
      "cpu": ["x64"]
    },
    "@swc/core-win32-arm64-msvc@1.15.33": {
      "integrity": "sha512-GV2oohtN2/5+KSccl86VULu3aT+LrISC8uzgSq0FRnikpD+Zwc+sBlXmoKQ+Db6jI57ITUOIB8jRkdGMABC29g==",
      "os": ["win32"],
      "cpu": ["arm64"]
    },
    "@swc/core-win32-ia32-msvc@1.15.33": {
      "integrity": "sha512-gtyvzSNR8DHKfFEA2uqb8Ld1myqi6uEg2jyeUq3ikn5ytYs7H8RpZYC8mdy4NXr8hfcdJfCLXPlYaqqfBXpoEQ==",
      "os": ["win32"],
      "cpu": ["ia32"]
    },
    "@swc/core-win32-x64-msvc@1.15.33": {
      "integrity": "sha512-d6fRqQSkJI+kmMEBWaDQ7TMl8+YjLYbwRUPZQ9DY0ORBJeTzOrG0twvfvlZ2xgw6jA0ScQKgfBm4vHLSLl5Hqg==",
      "os": ["win32"],
      "cpu": ["x64"]
    },
    "@swc/core@1.15.33": {
      "integrity": "sha512-jOlwnFV2xhuuZeAUILGFULeR6vDPfijEJ57evfocwznQldLU3w2cZ9bSDryY9ip+AsM3r1NJKzf47V2NXebkeQ==",
      "dependencies": [
        "@swc/counter",
        "@swc/types"
      ],
      "optionalDependencies": [
        "@swc/core-darwin-arm64",
        "@swc/core-darwin-x64",
        "@swc/core-linux-arm-gnueabihf",
        "@swc/core-linux-arm64-gnu",
        "@swc/core-linux-arm64-musl",
        "@swc/core-linux-ppc64-gnu",
        "@swc/core-linux-s390x-gnu",
        "@swc/core-linux-x64-gnu",
        "@swc/core-linux-x64-musl",
        "@swc/core-win32-arm64-msvc",
        "@swc/core-win32-ia32-msvc",
        "@swc/core-win32-x64-msvc"
      ],
      "scripts": true
    },
    "@swc/counter@0.1.3": {
      "integrity": "sha512-e2BR4lsJkkRlKZ/qCHPw9ZaSxc0MVUd7gtbtaB7aMvHeJVYe8sOB8DBZkP2DtISHGSku9sCK6T6cnY0CtXrOCQ=="
    },
    "@swc/types@0.1.26": {
      "integrity": "sha512-lyMwd7WGgG79RS7EERZV3T8wMdmPq3xwyg+1nmAM64kIhx5yl+juO2PYIHb7vTiPgPCj8LYjsNV2T5wiQHUEaw==",
      "dependencies": [
        "@swc/counter"
      ]
    }
  },
  "workspace": {
    "packageJson": {
      "dependencies": [
        "npm:@swc/core@^1.15.33"
      ]
    }
  }
}
